<?xml version="1.0" encoding="utf-8"?>
<Project ToolsVersion="4.0" xmlns="http://schemas.microsoft.com/developer/msbuild/2003">
  <ItemGroup>
    <Filter Include="Form Files">
      <UniqueIdentifier>{99349809-55BA-4b9d-BF79-8FDBB0286EB3}</UniqueIdentifier>
      <Extensions>ui</Extensions>
      <ParseFiles>false</ParseFiles>
    </Filter>
    <Filter Include="Form Files">
      <UniqueIdentifier>{99349809-55BA-4b9d-BF79-8FDBB0286EB3}</UniqueIdentifier>
      <Extensions>ui</Extensions>
      <ParseFiles>false</ParseFiles>
    </Filter>
    <Filter Include="Generated Files">
      <UniqueIdentifier>{71ED8ED8-ACB9-4CE9-BBE1-E00B30144E11}</UniqueIdentifier>
      <Extensions>cpp;c;cxx;moc;h;def;odl;idl;res;</Extensions>
    </Filter>
    <Filter Include="Generated Files">
      <UniqueIdentifier>{71ED8ED8-ACB9-4CE9-BBE1-E00B30144E11}</UniqueIdentifier>
      <Extensions>cpp;c;cxx;moc;h;def;odl;idl;res;</Extensions>
    </Filter>
    <Filter Include="Header Files">
      <UniqueIdentifier>{93995380-89BD-4b04-88EB-625FBE52EBFB}</UniqueIdentifier>
      <Extensions>h;hpp;hxx;hm;inl;inc;xsd</Extensions>
    </Filter>
    <Filter Include="Header Files">
      <UniqueIdentifier>{93995380-89BD-4b04-88EB-625FBE52EBFB}</UniqueIdentifier>
      <Extensions>h;hpp;hxx;hm;inl;inc;xsd</Extensions>
    </Filter>
    <Filter Include="Resource Files">
      <UniqueIdentifier>{D9D6E242-F8AF-46E4-B9FD-80ECBC20BA3E}</UniqueIdentifier>
      <Extensions>qrc;*</Extensions>
      <ParseFiles>false</ParseFiles>
    </Filter>
    <Filter Include="Resource Files">
      <UniqueIdentifier>{D9D6E242-F8AF-46E4-B9FD-80ECBC20BA3E}</UniqueIdentifier>
      <Extensions>qrc;*</Extensions>
      <ParseFiles>false</ParseFiles>
    </Filter>
    <Filter Include="Source Files">
      <UniqueIdentifier>{4FC737F1-C7A5-4376-A066-2A32D752A2FF}</UniqueIdentifier>
      <Extensions>cpp;c;cxx;def;odl;idl;hpj;bat;asm;asmx</Extensions>
    </Filter>
    <Filter Include="Source Files">
      <UniqueIdentifier>{4FC737F1-C7A5-4376-A066-2A32D752A2FF}</UniqueIdentifier>
      <Extensions>cpp;c;cxx;def;odl;idl;hpj;bat;asm;asmx</Extensions>
    </Filter>
  </ItemGroup>
  <ItemGroup>
    <ClCompile Include="about.cpp">
      <Filter>Source Files</Filter>
    </ClCompile>
    <ClCompile Include="carierfields.cpp">
      <Filter>Source Files</Filter>
    </ClCompile>
    <ClCompile Include="chardata.cpp">
      <Filter>Source Files</Filter>
    </ClCompile>
    <ClCompile Include="chekver.cpp">
      <Filter>Source Files</Filter>
    </ClCompile>
    <ClCompile Include="gmchartools.cpp">
      <Filter>Source Files</Filter>
    </ClCompile>
    <ClCompile Include="loadresurce.cpp">
      <Filter>Source Files</Filter>
    </ClCompile>
    <ClCompile Include="main.cpp">
      <Filter>Source Files</Filter>
    </ClCompile>
    <ClCompile Include="mainwindow.cpp">
      <Filter>Source Files</Filter>
    </ClCompile>
    <ClCompile Include="preqdialog.cpp">
      <Filter>Source Files</Filter>
    </ClCompile>
    <ClCompile Include="printtablewindow.cpp">
      <Filter>Source Files</Filter>
    </ClCompile>
    <ClCompile Include="s0moredialog.cpp">
      <Filter>Source Files</Filter>
    </ClCompile>
    <ClCompile Include="s1moredialog.cpp">
      <Filter>Source Files</Filter>
    </ClCompile>
    <ClCompile Include="s2advdialog.cpp">
      <Filter>Source Files</Filter>
    </ClCompile>
    <ClCompile Include="s2clanfielddialog.cpp">
      <Filter>Source Files</Filter>
    </ClCompile>
    <ClCompile Include="s2flexxpdialog.cpp">
      <Filter>Source Files</Filter>
    </ClCompile>
    <ClCompile Include="s3fielddialog.cpp">
      <Filter>Source Files</Filter>
    </ClCompile>
    <ClCompile Include="s4advdial.cpp">
      <Filter>Source Files</Filter>
    </ClCompile>
    <ClCompile Include="spinbox.cpp">
      <Filter>Source Files</Filter>
    </ClCompile>
    <ClCompile Include="stage1_resurce.cpp">
      <Filter>Source Files</Filter>
    </ClCompile>
    <ClCompile Include="stage2_resurce.cpp">
      <Filter>Source Files</Filter>
    </ClCompile>
    <ClCompile Include="stage3_resurce.cpp">
      <Filter>Source Files</Filter>
    </ClCompile>
    <ClCompile Include="stage4_resurce.cpp">
      <Filter>Source Files</Filter>
    </ClCompile>
    <ClCompile Include="subskillpanel.cpp">
      <Filter>Source Files</Filter>
    </ClCompile>
    <ClCompile Include="text_resurce.cpp">
      <Filter>Source Files</Filter>
    </ClCompile>
    <ClCompile Include="wizard.cpp">
      <Filter>Source Files</Filter>
    </ClCompile>
  </ItemGroup>
  <ItemGroup>
    <CustomBuild Include="about.h">
      <Filter>Header Files</Filter>
    </CustomBuild>
    <CustomBuild Include="carierfields.h">
      <Filter>Header Files</Filter>
    </CustomBuild>
    <CustomBuild Include="chardata.h">
      <Filter>Header Files</Filter>
    </CustomBuild>
    <CustomBuild Include="chekver.h">
      <Filter>Header Files</Filter>
    </CustomBuild>
    <CustomBuild Include="gmchartools.h">
      <Filter>Header Files</Filter>
    </CustomBuild>
    <ClInclude Include="loadresurce.h">
      <Filter>Header Files</Filter>
    </ClInclude>
    <CustomBuild Include="mainwindow.h">
      <Filter>Header Files</Filter>
    </CustomBuild>
    <CustomBuild Include="preqdialog.h">
      <Filter>Header Files</Filter>
    </CustomBuild>
    <CustomBuild Include="printtablewindow.h">
      <Filter>Header Files</Filter>
    </CustomBuild>
    <CustomBuild Include="s0moredialog.h">
      <Filter>Header Files</Filter>
    </CustomBuild>
    <CustomBuild Include="s1moredialog.h">
      <Filter>Header Files</Filter>
    </CustomBuild>
    <CustomBuild Include="s2advdialog.h">
      <Filter>Header Files</Filter>
    </CustomBuild>
    <CustomBuild Include="s2clanfielddialog.h">
      <Filter>Header Files</Filter>
    </CustomBuild>
    <CustomBuild Include="s2flexxpdialog.h">
      <Filter>Header Files</Filter>
    </CustomBuild>
    <CustomBuild Include="s3fielddialog.h">
      <Filter>Header Files</Filter>
    </CustomBuild>
    <CustomBuild Include="s4advdial.h">
      <Filter>Header Files</Filter>
    </CustomBuild>
    <CustomBuild Include="spinbox.h">
      <Filter>Header Files</Filter>
    </CustomBuild>
    <CustomBuild Include="stage1_resurce.h">
      <Filter>Header Files</Filter>
    </CustomBuild>
    <CustomBuild Include="stage2_resurce.h">
      <Filter>Header Files</Filter>
    </CustomBuild>
    <CustomBuild Include="stage3_resurce.h">
      <Filter>Header Files</Filter>
    </CustomBuild>
    <CustomBuild Include="stage4_resurce.h">
      <Filter>Header Files</Filter>
    </CustomBuild>
    <CustomBuild Include="subskillpanel.h">
      <Filter>Header Files</Filter>
    </CustomBuild>
    <CustomBuild Include="text_resurce.h">
      <Filter>Header Files</Filter>
    </CustomBuild>
    <CustomBuild Include="wizard.h">
      <Filter>Header Files</Filter>
    </CustomBuild>
  </ItemGroup>
  <ItemGroup>
    <ClCompile Include="debug\moc_about.cpp">
      <Filter>Generated Files</Filter>
    </ClCompile>
    <ClCompile Include="release\moc_about.cpp">
      <Filter>Generated Files</Filter>
    </ClCompile>
    <ClCompile Include="debug\moc_carierfields.cpp">
      <Filter>Generated Files</Filter>
    </ClCompile>
    <ClCompile Include="release\moc_carierfields.cpp">
      <Filter>Generated Files</Filter>
    </ClCompile>
    <ClCompile Include="debug\moc_chardata.cpp">
      <Filter>Generated Files</Filter>
    </ClCompile>
    <ClCompile Include="release\moc_chardata.cpp">
      <Filter>Generated Files</Filter>
    </ClCompile>
    <ClCompile Include="debug\moc_gmchartools.cpp">
      <Filter>Generated Files</Filter>
    </ClCompile>
    <ClCompile Include="release\moc_gmchartools.cpp">
      <Filter>Generated Files</Filter>
    </ClCompile>
    <ClCompile Include="debug\moc_mainwindow.cpp">
      <Filter>Generated Files</Filter>
    </ClCompile>
    <ClCompile Include="release\moc_mainwindow.cpp">
      <Filter>Generated Files</Filter>
    </ClCompile>
    <ClCompile Include="debug\moc_preqdialog.cpp">
      <Filter>Generated Files</Filter>
    </ClCompile>
    <ClCompile Include="release\moc_preqdialog.cpp">
      <Filter>Generated Files</Filter>
    </ClCompile>
    <ClCompile Include="debug\moc_printtablewindow.cpp">
      <Filter>Generated Files</Filter>
    </ClCompile>
    <ClCompile Include="release\moc_printtablewindow.cpp">
      <Filter>Generated Files</Filter>
    </ClCompile>
    <ClCompile Include="debug\moc_s0moredialog.cpp">
      <Filter>Generated Files</Filter>
    </ClCompile>
    <ClCompile Include="release\moc_s0moredialog.cpp">
      <Filter>Generated Files</Filter>
    </ClCompile>
    <ClCompile Include="debug\moc_s1moredialog.cpp">
      <Filter>Generated Files</Filter>
    </ClCompile>
    <ClCompile Include="release\moc_s1moredialog.cpp">
      <Filter>Generated Files</Filter>
    </ClCompile>
    <ClCompile Include="debug\moc_s2advdialog.cpp">
      <Filter>Generated Files</Filter>
    </ClCompile>
    <ClCompile Include="release\moc_s2advdialog.cpp">
      <Filter>Generated Files</Filter>
    </ClCompile>
    <ClCompile Include="debug\moc_s2clanfielddialog.cpp">
      <Filter>Generated Files</Filter>
    </ClCompile>
    <ClCompile Include="release\moc_s2clanfielddialog.cpp">
      <Filter>Generated Files</Filter>
    </ClCompile>
    <ClCompile Include="debug\moc_s2flexxpdialog.cpp">
      <Filter>Generated Files</Filter>
    </ClCompile>
    <ClCompile Include="release\moc_s2flexxpdialog.cpp">
      <Filter>Generated Files</Filter>
    </ClCompile>
    <ClCompile Include="debug\moc_s3fielddialog.cpp">
      <Filter>Generated Files</Filter>
    </ClCompile>
    <ClCompile Include="release\moc_s3fielddialog.cpp">
      <Filter>Generated Files</Filter>
    </ClCompile>
    <ClCompile Include="debug\moc_s4advdial.cpp">
      <Filter>Generated Files</Filter>
    </ClCompile>
    <ClCompile Include="release\moc_s4advdial.cpp">
      <Filter>Generated Files</Filter>
    </ClCompile>
    <ClCompile Include="debug\moc_spinbox.cpp">
      <Filter>Generated Files</Filter>
    </ClCompile>
    <ClCompile Include="release\moc_spinbox.cpp">
      <Filter>Generated Files</Filter>
    </ClCompile>
    <ClCompile Include="debug\moc_stage1_resurce.cpp">
      <Filter>Generated Files</Filter>
    </ClCompile>
    <ClCompile Include="release\moc_stage1_resurce.cpp">
      <Filter>Generated Files</Filter>
    </ClCompile>
    <ClCompile Include="debug\moc_stage2_resurce.cpp">
      <Filter>Generated Files</Filter>
    </ClCompile>
    <ClCompile Include="release\moc_stage2_resurce.cpp">
      <Filter>Generated Files</Filter>
    </ClCompile>
    <ClCompile Include="debug\moc_stage3_resurce.cpp">
      <Filter>Generated Files</Filter>
    </ClCompile>
    <ClCompile Include="release\moc_stage3_resurce.cpp">
      <Filter>Generated Files</Filter>
    </ClCompile>
    <ClCompile Include="debug\moc_stage4_resurce.cpp">
      <Filter>Generated Files</Filter>
    </ClCompile>
    <ClCompile Include="release\moc_stage4_resurce.cpp">
      <Filter>Generated Files</Filter>
    </ClCompile>
    <ClCompile Include="debug\moc_subskillpanel.cpp">
      <Filter>Generated Files</Filter>
    </ClCompile>
    <ClCompile Include="release\moc_subskillpanel.cpp">
      <Filter>Generated Files</Filter>
    </ClCompile>
    <ClCompile Include="debug\moc_text_resurce.cpp">
      <Filter>Generated Files</Filter>
    </ClCompile>
    <ClCompile Include="release\moc_text_resurce.cpp">
      <Filter>Generated Files</Filter>
    </ClCompile>
    <ClCompile Include="debug\moc_wizard.cpp">
      <Filter>Generated Files</Filter>
    </ClCompile>
    <ClCompile Include="release\moc_wizard.cpp">
      <Filter>Generated Files</Filter>
    </ClCompile>
    <ClCompile Include="debug\qrc_resurce_btnchrcr.cpp">
      <Filter>Generated Files</Filter>
    </ClCompile>
    <ClCompile Include="release\qrc_resurce_btnchrcr.cpp">
      <Filter>Generated Files</Filter>
    </ClCompile>
    <ClInclude Include="ui_about.h">
      <Filter>Generated Files</Filter>
    </ClInclude>
    <ClInclude Include="ui_gmchartools.h">
      <Filter>Generated Files</Filter>
    </ClInclude>
    <ClInclude Include="ui_mainwindow.h">
      <Filter>Generated Files</Filter>
    </ClInclude>
    <ClInclude Include="ui_preqdialog.h">
      <Filter>Generated Files</Filter>
    </ClInclude>
    <ClInclude Include="ui_printtablewindow.h">
      <Filter>Generated Files</Filter>
    </ClInclude>
    <ClInclude Include="ui_s0moredialog.h">
      <Filter>Generated Files</Filter>
    </ClInclude>
    <ClInclude Include="ui_s1moredialog.h">
      <Filter>Generated Files</Filter>
    </ClInclude>
    <ClInclude Include="ui_s2advdialog.h">
      <Filter>Generated Files</Filter>
    </ClInclude>
    <ClInclude Include="ui_s2clanfielddialog.h">
      <Filter>Generated Files</Filter>
    </ClInclude>
    <ClInclude Include="ui_s2flexxpdialog.h">
      <Filter>Generated Files</Filter>
    </ClInclude>
    <ClInclude Include="ui_s3fielddialog.h">
      <Filter>Generated Files</Filter>
    </ClInclude>
    <ClInclude Include="ui_s4advdial.h">
      <Filter>Generated Files</Filter>
    </ClInclude>
    <ClInclude Include="ui_subskillpanel.h">
      <Filter>Generated Files</Filter>
    </ClInclude>
    <ClInclude Include="ui_wizard.h">
      <Filter>Generated Files</Filter>
    </ClInclude>
  </ItemGroup>
  <ItemGroup>
    <CustomBuild Include="about.ui">
      <Filter>Form Files</Filter>
    </CustomBuild>
    <CustomBuild Include="gmchartools.ui">
      <Filter>Form Files</Filter>
    </CustomBuild>
    <CustomBuild Include="mainwindow.ui">
      <Filter>Form Files</Filter>
    </CustomBuild>
    <CustomBuild Include="preqdialog.ui">
      <Filter>Form Files</Filter>
    </CustomBuild>
    <CustomBuild Include="printtablewindow.ui">
      <Filter>Form Files</Filter>
    </CustomBuild>
    <CustomBuild Include="s0moredialog.ui">
      <Filter>Form Files</Filter>
    </CustomBuild>
    <CustomBuild Include="s1moredialog.ui">
      <Filter>Form Files</Filter>
    </CustomBuild>
    <CustomBuild Include="s2advdialog.ui">
      <Filter>Form Files</Filter>
    </CustomBuild>
    <CustomBuild Include="s2clanfielddialog.ui">
      <Filter>Form Files</Filter>
    </CustomBuild>
    <CustomBuild Include="s2flexxpdialog.ui">
      <Filter>Form Files</Filter>
    </CustomBuild>
    <CustomBuild Include="s3fielddialog.ui">
      <Filter>Form Files</Filter>
    </CustomBuild>
    <CustomBuild Include="s4advdial.ui">
      <Filter>Form Files</Filter>
    </CustomBuild>
    <CustomBuild Include="subskillpanel.ui">
      <Filter>Form Files</Filter>
    </CustomBuild>
    <CustomBuild Include="wizard.ui">
      <Filter>Form Files</Filter>
    </CustomBuild>
  </ItemGroup>
  <ItemGroup>
    <None Include="resurce\Capellan_Confederation_Logo_New.png">
      <Filter>Resource Files</Filter>
    </None>
    <None Include="resurce\ClanWolf.png">
      <Filter>Resource Files</Filter>
    </None>
    <None Include="resurce\Clan_Ice_Hellion.png">
      <Filter>Resource Files</Filter>
    </None>
    <None Include="resurce\Clan_Jade_Falcon.png">
      <Filter>Resource Files</Filter>
    </None>
    <None Include="resurce\ComStar.png">
      <Filter>Resource Files</Filter>
    </None>
    <None Include="resurce\Draccombine.png">
      <Filter>Resource Files</Filter>
    </None>
    <None Include="resurce\Federated_Suns_Logo.png">
      <Filter>Resource Files</Filter>
    </None>
    <None Include="resurce\Free_Rasalhague_Republic.png">
      <Filter>Resource Files</Filter>
    </None>
    <None Include="resurce\Free">
      <Filter>Resource Files</Filter>
    </None>
    <None Include="League.png">
      <Filter>Resource Files</Filter>
    </None>
    <None Include="resurce\Lyran_Alliance_Logo.png">
      <Filter>Resource Files</Filter>
    </None>
    <None Include="resurce\MINOR_PERIPHERY.PNG">
      <Filter>Resource Files</Filter>
    </None>
    <None Include="Worlds">
      <Filter>Resource Files</Filter>
    </None>
    <None Include="additional_page_sheet_pic.png">
      <Filter>Resource Files</Filter>
    </None>
    <None Include="back_page_sheet_pic.png">
      <Filter>Resource Files</Filter>
    </None>
    <None Include="ico1.ico">
      <Filter>Resource Files</Filter>
    </None>
    <None Include="man.png">
      <Filter>Resource Files</Filter>
    </None>
    <None Include="resurce\pilot6.png">
      <Filter>Resource Files</Filter>
    </None>
    <CustomBuild Include="resurce_btnchrcr.qrc">
      <Filter>Resource Files</Filter>
    </CustomBuild>
    <None Include="table_actions.png">
      <Filter>Resource Files</Filter>
    </None>
    <None Include="table_combat.png">
      <Filter>Resource Files</Filter>
    </None>
    <None Include="table_damage.png">
      <Filter>Resource Files</Filter>
    </None>
    <None Include="table_movemet.png">
      <Filter>Resource Files</Filter>
    </None>
    <None Include="top_page_sheet_pic.png">
      <Filter>Resource Files</Filter>
    </None>
    <None Include="ClassDiagram1.cd" />
    <None Include="ClassDiagram2.cd" />
  </ItemGroup>
</Project>